
Microsoft Visual Studio Solution File, Format Version 12.00
# Visual Studio Version 16
VisualStudioVersion = 16.0.29519.181
MinimumVisualStudioVersion = 10.0.40219.1
Project("{FAE04EC0-301F-11D3-BF4B-00C04F79EFBC}") = "WindowsFormsApp1", "WindowsFormsApp1\WindowsFormsApp1.csproj", "{53795106-8045-4D7C-9CCF-A1A24B93C136}"
EndProject
Global
	GlobalSection(SolutionConfigurationPlatforms) = preSolution
		Debug|Any CPU = Debug|Any CPU
		Release|Any CPU = Release|Any CPU
	EndGlobalSection
	GlobalSection(ProjectConfigurationPlatforms) = postSolution
		{53795106-8045-4D7C-9CCF-A1A24B93C136}.Debug|Any CPU.ActiveCfg = Debug|Any CPU
		{53795106-8045-4D7C-9CCF-A1A24B93C136}.Debug|Any CPU.Build.0 = Debug|Any CPU
		{53795106-8045-4D7C-9CCF-A1A24B93C136}.Release|Any CPU.ActiveCfg = Release|Any CPU
		{53795106-8045-4D7C-9CCF-A1A24B93C136}.Release|Any CPU.Build.0 = Release|Any CPU
	EndGlobalSection
	GlobalSection(SolutionProperties) = preSolution
		HideSolutionNode = FALSE
	EndGlobalSection
	GlobalSection(ExtensibilityGlobals) = postSolution
		SolutionGuid = {D30963C9-CB1B-4F43-B00C-D34BE46B210C}
	EndGlobalSection
EndGlobal
